
Microsoft Visual Studio Solution File, Format Version 12.00
# Visual Studio Version 16
VisualStudioVersion = 16.0.31613.86
MinimumVisualStudioVersion = 10.0.40219.1
Project("{FAE04EC0-301F-11D3-BF4B-00C04F79EFBC}") = "Simulated-Bank", "1-ByteBank\Simulated-Bank.csproj", "{C8B3A0C4-D135-45C7-AD2E-D10459952AA0}"
EndProject
Global
	GlobalSection(SolutionConfigurationPlatforms) = preSolution
		Debug|Any CPU = Debug|Any CPU
		Release|Any CPU = Release|Any CPU
	EndGlobalSection
	GlobalSection(ProjectConfigurationPlatforms) = postSolution
		{C8B3A0C4-D135-45C7-AD2E-D10459952AA0}.Debug|Any CPU.ActiveCfg = Debug|Any CPU
		{C8B3A0C4-D135-45C7-AD2E-D10459952AA0}.Debug|Any CPU.Build.0 = Debug|Any CPU
		{C8B3A0C4-D135-45C7-AD2E-D10459952AA0}.Release|Any CPU.ActiveCfg = Release|Any CPU
		{C8B3A0C4-D135-45C7-AD2E-D10459952AA0}.Release|Any CPU.Build.0 = Release|Any CPU
	EndGlobalSection
	GlobalSection(SolutionProperties) = preSolution
		HideSolutionNode = FALSE
	EndGlobalSection
	GlobalSection(ExtensibilityGlobals) = postSolution
		SolutionGuid = {BE868749-229D-4E35-AE42-C4DC5095A00F}
	EndGlobalSection
EndGlobal
